
Microsoft Visual Studio Solution File, Format Version 12.00
# Visual Studio 2015
Project("{FAE04EC0-301F-11D3-BF4B-00C04F79EFBC}") = "ToolsProject3", "ToolsProject3.csproj", "{BFCD5EDB-8A8B-CC58-CF32-BB9315310964}"
EndProject
Global
	GlobalSection(SolutionConfigurationPlatforms) = preSolution
		Debug|Any CPU = Debug|Any CPU
		Release|Any CPU = Release|Any CPU
	EndGlobalSection
	GlobalSection(ProjectConfigurationPlatforms) = postSolution
		{BFCD5EDB-8A8B-CC58-CF32-BB9315310964}.Debug|Any CPU.ActiveCfg = Debug|Any CPU
		{BFCD5EDB-8A8B-CC58-CF32-BB9315310964}.Debug|Any CPU.Build.0 = Debug|Any CPU
		{BFCD5EDB-8A8B-CC58-CF32-BB9315310964}.Release|Any CPU.ActiveCfg = Release|Any CPU
		{BFCD5EDB-8A8B-CC58-CF32-BB9315310964}.Release|Any CPU.Build.0 = Release|Any CPU
	EndGlobalSection
	GlobalSection(SolutionProperties) = preSolution
		HideSolutionNode = FALSE
	EndGlobalSection
EndGlobal
